
Microsoft Visual Studio Solution File, Format Version 12.00
# Visual Studio Version 17
VisualStudioVersion = 17.14.36705.20 d17.14
MinimumVisualStudioVersion = 10.0.40219.1
Project("{FAE04EC0-301F-11D3-BF4B-00C04F79EFBC}") = "ArrayList1415", "ArrayList1415\ArrayList1415.csproj", "{0A2DF927-E9A6-4224-AAD8-AD648C062B0D}"
EndProject
Global
	GlobalSection(SolutionConfigurationPlatforms) = preSolution
		Debug|Any CPU = Debug|Any CPU
		Release|Any CPU = Release|Any CPU
	EndGlobalSection
	GlobalSection(ProjectConfigurationPlatforms) = postSolution
		{0A2DF927-E9A6-4224-AAD8-AD648C062B0D}.Debug|Any CPU.ActiveCfg = Debug|Any CPU
		{0A2DF927-E9A6-4224-AAD8-AD648C062B0D}.Debug|Any CPU.Build.0 = Debug|Any CPU
		{0A2DF927-E9A6-4224-AAD8-AD648C062B0D}.Release|Any CPU.ActiveCfg = Release|Any CPU
		{0A2DF927-E9A6-4224-AAD8-AD648C062B0D}.Release|Any CPU.Build.0 = Release|Any CPU
	EndGlobalSection
	GlobalSection(SolutionProperties) = preSolution
		HideSolutionNode = FALSE
	EndGlobalSection
	GlobalSection(ExtensibilityGlobals) = postSolution
		SolutionGuid = {1367B7E1-D3E3-47B7-9536-146FEA26E2D1}
	EndGlobalSection
EndGlobal
